# This file is automatically @generated by Cargo.
# It is not intended for manual editing.
version = 4

[[package]]
name = "bstr"
version = "1.12.1"
source = "registry+https://github.com/rust-lang/crates.io-index"
checksum = "63044e1ae8e69f3b5a92c736ca6269b8d12fa7efe39bf34ddb06d102cf0e2cab"
dependencies = [
 "memchr",
 "serde",
]

[[package]]
name = "bytes"
version = "1.12.0"
source = "registry+https://github.com/rust-lang/crates.io-index"
checksum = "8ae3f5d315924270530207e2a68396c3cc547f6dca3fbdca317cfb1a51edb593"

[[package]]
name = "crossbeam-channel"
version = "0.5.15"
source = "registry+https://github.com/rust-lang/crates.io-index"
checksum = "82b8f8f868b36967f9606790d1903570de9ceaf870a7bf9fbbd3016d636a2cb2"
dependencies = [
 "crossbeam-utils",
]

[[package]]
name = "crossbeam-utils"
version = "0.8.21"
source = "registry+https://github.com/rust-lang/crates.io-index"
checksum = "d0a5c400df2834b80a4c3327b3aad3a4c4cd4de0629063962b03235697506a28"

[[package]]
name = "memchr"
version = "2.8.2"
source = "registry+https://github.com/rust-lang/crates.io-index"
checksum = "88904434abc2901f197fe8cc55f0445e7ded921dba5911dad2e2b39b48e663c4"

[[package]]
name = "noodles-bgzf"
version = "0.47.0"
source = "registry+https://github.com/rust-lang/crates.io-index"
checksum = "4d22589ec50582fa0c3e629d27e5263fc5ff5d436955648ba601b7ac4155fbf2"
dependencies = [
 "bytes",
 "crossbeam-channel",
 "zlib-rs",
]

[[package]]
name = "noodles-core"
version = "0.20.0"
source = "registry+https://github.com/rust-lang/crates.io-index"
checksum = "c8dbac7c5f9a7de9fe45590f198a09697df631cd13d2060b4742cc48144555b0"
dependencies = [
 "bstr",
]

[[package]]
name = "noodles-fasta"
version = "0.61.0"
source = "registry+https://github.com/rust-lang/crates.io-index"
checksum = "f0e6a772d7a5cb566196d1a1806c4471ad63bc6ffad5b2d549e9602708a9aaab"
dependencies = [
 "bstr",
 "memchr",
 "noodles-bgzf",
 "noodles-core",
]

[[package]]
name = "noodles_wrapper"
version = "0.1.0"
dependencies = [
 "noodles-core",
 "noodles-fasta",
]

[[package]]
name = "proc-macro2"
version = "1.0.106"
source = "registry+https://github.com/rust-lang/crates.io-index"
checksum = "8fd00f0bb2e90d81d1044c2b32617f68fcb9fa3bb7640c23e9c748e53fb30934"
dependencies = [
 "unicode-ident",
]

[[package]]
name = "quote"
version = "1.0.45"
source = "registry+https://github.com/rust-lang/crates.io-index"
checksum = "41f2619966050689382d2b44f664f4bc593e129785a36d6ee376ddf37259b924"
dependencies = [
 "proc-macro2",
]

[[package]]
name = "serde"
version = "1.0.228"
source = "registry+https://github.com/rust-lang/crates.io-index"
checksum = "9a8e94ea7f378bd32cbbd37198a4a91436180c5bb472411e48b5ec2e2124ae9e"
dependencies = [
 "serde_core",
]

[[package]]
name = "serde_core"
version = "1.0.228"
source = "registry+https://github.com/rust-lang/crates.io-index"
checksum = "41d385c7d4ca58e59fc732af25c3983b67ac852c1a25000afe1175de458b67ad"
dependencies = [
 "serde_derive",
]

[[package]]
name = "serde_derive"
version = "1.0.228"
source = "registry+https://github.com/rust-lang/crates.io-index"
checksum = "d540f220d3187173da220f885ab66608367b6574e925011a9353e4badda91d79"
dependencies = [
 "proc-macro2",
 "quote",
 "syn",
]

[[package]]
name = "syn"
version = "2.0.118"
source = "registry+https://github.com/rust-lang/crates.io-index"
checksum = "1b9ae57f904213ebb649ce6895b8a66c66f0203b9319718f69a5612a065b1422"
dependencies = [
 "proc-macro2",
 "quote",
 "unicode-ident",
]

[[package]]
name = "unicode-ident"
version = "1.0.24"
source = "registry+https://github.com/rust-lang/crates.io-index"
checksum = "e6e4313cd5fcd3dad5cafa179702e2b244f760991f45397d14d4ebf38247da75"

[[package]]
name = "zlib-rs"
version = "0.6.4"
source = "registry+https://github.com/rust-lang/crates.io-index"
checksum = "977347db8caa080403f6b6b7c1cda9479a8e869316f7e13a59b19076a40f94e3"
